
Microsoft Visual Studio Solution File, Format Version 12.00
# Visual Studio 15
VisualStudioVersion = 15.0.27703.2047
MinimumVisualStudioVersion = 10.0.40219.1
Project("{FAE04EC0-301F-11D3-BF4B-00C04F79EFBC}") = "Task_1", "Task_1\Task_1.csproj", "{37ECE959-6695-4316-926A-825BCB3D0707}"
EndProject
Project("{FAE04EC0-301F-11D3-BF4B-00C04F79EFBC}") = "Task_2", "Task_2\Task_2.csproj", "{718C0A53-E091-457B-9B02-8966D458F574}"
EndProject
Project("{FAE04EC0-301F-11D3-BF4B-00C04F79EFBC}") = "Task_3", "Task_3\Task_3.csproj", "{4C3869EA-D918-4900-A368-319BB4D19AB8}"
EndProject
Global
	GlobalSection(SolutionConfigurationPlatforms) = preSolution
		Debug|Any CPU = Debug|Any CPU
		Release|Any CPU = Release|Any CPU
	EndGlobalSection
	GlobalSection(ProjectConfigurationPlatforms) = postSolution
		{37ECE959-6695-4316-926A-825BCB3D0707}.Debug|Any CPU.ActiveCfg = Debug|Any CPU
		{37ECE959-6695-4316-926A-825BCB3D0707}.Debug|Any CPU.Build.0 = Debug|Any CPU
		{37ECE959-6695-4316-926A-825BCB3D0707}.Release|Any CPU.ActiveCfg = Release|Any CPU
		{37ECE959-6695-4316-926A-825BCB3D0707}.Release|Any CPU.Build.0 = Release|Any CPU
		{718C0A53-E091-457B-9B02-8966D458F574}.Debug|Any CPU.ActiveCfg = Debug|Any CPU
		{718C0A53-E091-457B-9B02-8966D458F574}.Debug|Any CPU.Build.0 = Debug|Any CPU
		{718C0A53-E091-457B-9B02-8966D458F574}.Release|Any CPU.ActiveCfg = Release|Any CPU
		{718C0A53-E091-457B-9B02-8966D458F574}.Release|Any CPU.Build.0 = Release|Any CPU
		{4C3869EA-D918-4900-A368-319BB4D19AB8}.Debug|Any CPU.ActiveCfg = Debug|Any CPU
		{4C3869EA-D918-4900-A368-319BB4D19AB8}.Debug|Any CPU.Build.0 = Debug|Any CPU
		{4C3869EA-D918-4900-A368-319BB4D19AB8}.Release|Any CPU.ActiveCfg = Release|Any CPU
		{4C3869EA-D918-4900-A368-319BB4D19AB8}.Release|Any CPU.Build.0 = Release|Any CPU
	EndGlobalSection
	GlobalSection(SolutionProperties) = preSolution
		HideSolutionNode = FALSE
	EndGlobalSection
	GlobalSection(ExtensibilityGlobals) = postSolution
		SolutionGuid = {F6DBEAEF-7A2E-4BE2-B614-E56A83644EFF}
	EndGlobalSection
EndGlobal
